
Microsoft Visual Studio Solution File, Format Version 12.00
# Visual Studio Version 17
VisualStudioVersion = 17.4.33110.190
MinimumVisualStudioVersion = 10.0.40219.1
Project("{FAE04EC0-301F-11D3-BF4B-00C04F79EFBC}") = "PresentationLayer", "PresentationLayer\PresentationLayer.csproj", "{CA20CB09-58B4-4729-984B-0A2C59F89895}"
EndProject
Project("{FAE04EC0-301F-11D3-BF4B-00C04F79EFBC}") = "BusinessLayer", "BusinessLayer\BusinessLayer.csproj", "{84A07AB0-B99D-4A7E-A20D-FAAF9DFD7142}"
EndProject
Project("{FAE04EC0-301F-11D3-BF4B-00C04F79EFBC}") = "DataAccessLayer", "DataAccessLayer\DataAccessLayer.csproj", "{60728453-003E-4887-927F-61DEF0588FA3}"
EndProject
Global
	GlobalSection(SolutionConfigurationPlatforms) = preSolution
		Debug|Any CPU = Debug|Any CPU
		Release|Any CPU = Release|Any CPU
	EndGlobalSection
	GlobalSection(ProjectConfigurationPlatforms) = postSolution
		{CA20CB09-58B4-4729-984B-0A2C59F89895}.Debug|Any CPU.ActiveCfg = Debug|Any CPU
		{CA20CB09-58B4-4729-984B-0A2C59F89895}.Debug|Any CPU.Build.0 = Debug|Any CPU
		{CA20CB09-58B4-4729-984B-0A2C59F89895}.Release|Any CPU.ActiveCfg = Release|Any CPU
		{CA20CB09-58B4-4729-984B-0A2C59F89895}.Release|Any CPU.Build.0 = Release|Any CPU
		{84A07AB0-B99D-4A7E-A20D-FAAF9DFD7142}.Debug|Any CPU.ActiveCfg = Debug|Any CPU
		{84A07AB0-B99D-4A7E-A20D-FAAF9DFD7142}.Debug|Any CPU.Build.0 = Debug|Any CPU
		{84A07AB0-B99D-4A7E-A20D-FAAF9DFD7142}.Release|Any CPU.ActiveCfg = Release|Any CPU
		{84A07AB0-B99D-4A7E-A20D-FAAF9DFD7142}.Release|Any CPU.Build.0 = Release|Any CPU
		{60728453-003E-4887-927F-61DEF0588FA3}.Debug|Any CPU.ActiveCfg = Debug|Any CPU
		{60728453-003E-4887-927F-61DEF0588FA3}.Debug|Any CPU.Build.0 = Debug|Any CPU
		{60728453-003E-4887-927F-61DEF0588FA3}.Release|Any CPU.ActiveCfg = Release|Any CPU
		{60728453-003E-4887-927F-61DEF0588FA3}.Release|Any CPU.Build.0 = Release|Any CPU
	EndGlobalSection
	GlobalSection(SolutionProperties) = preSolution
		HideSolutionNode = FALSE
	EndGlobalSection
	GlobalSection(ExtensibilityGlobals) = postSolution
		SolutionGuid = {1861B11C-46F1-469B-9033-4B81EDCF11E1}
	EndGlobalSection
EndGlobal
